Microsoft Visual Studio Solution File, Format Version 12.00
# Visual Studio Version 18
VisualStudioVersion = 18.0.0.0
MinimumVisualStudioVersion = 10.0.40219.1
Project("{8BC9CEB8-8B4A-11D0-8D11-00A0C91BC942}") = "XLPP", "src\XLPP\XLPP.vcxproj", "{E692BBEB-BB8D-477C-BE87-0289B27C9057}"
EndProject
Project("{8BC9CEB8-8B4A-11D0-8D11-00A0C91BC942}") = "XLPP.UnitTests", "tests\XLPP.UnitTests\XLPP.UnitTests.vcxproj", "{F4622C3F-D37A-447D-AD72-870B320A1CA1}"
EndProject
Project("{8BC9CEB8-8B4A-11D0-8D11-00A0C91BC942}") = "XLPP.Examples", "tests\XLPP.Examples\XLPP.Examples.vcxproj", "{1F6A1D7D-0E9C-4AC4-9EB5-CCB53F7E1B30}"
EndProject
Project("{8BC9CEB8-8B4A-11D0-8D11-00A0C91BC942}") = "zlib", "third_party\zlib\zlib.vcxproj", "{8B7C2FC8-7A42-4A87-A4C7-188F119A3201}"
EndProject
Global
	GlobalSection(SolutionConfigurationPlatforms) = preSolution
		Debug|x64 = Debug|x64
		Release|x64 = Release|x64
	EndGlobalSection
	GlobalSection(ProjectConfigurationPlatforms) = postSolution
		{E692BBEB-BB8D-477C-BE87-0289B27C9057}.Debug|x64.ActiveCfg = Debug|x64
		{E692BBEB-BB8D-477C-BE87-0289B27C9057}.Debug|x64.Build.0 = Debug|x64
		{E692BBEB-BB8D-477C-BE87-0289B27C9057}.Release|x64.ActiveCfg = Release|x64
		{E692BBEB-BB8D-477C-BE87-0289B27C9057}.Release|x64.Build.0 = Release|x64
		{F4622C3F-D37A-447D-AD72-870B320A1CA1}.Debug|x64.ActiveCfg = Debug|x64
		{F4622C3F-D37A-447D-AD72-870B320A1CA1}.Debug|x64.Build.0 = Debug|x64
		{F4622C3F-D37A-447D-AD72-870B320A1CA1}.Release|x64.ActiveCfg = Release|x64
		{F4622C3F-D37A-447D-AD72-870B320A1CA1}.Release|x64.Build.0 = Release|x64
		{1F6A1D7D-0E9C-4AC4-9EB5-CCB53F7E1B30}.Debug|x64.ActiveCfg = Debug|x64
		{1F6A1D7D-0E9C-4AC4-9EB5-CCB53F7E1B30}.Debug|x64.Build.0 = Debug|x64
		{1F6A1D7D-0E9C-4AC4-9EB5-CCB53F7E1B30}.Release|x64.ActiveCfg = Release|x64
		{1F6A1D7D-0E9C-4AC4-9EB5-CCB53F7E1B30}.Release|x64.Build.0 = Release|x64
		{8B7C2FC8-7A42-4A87-A4C7-188F119A3201}.Debug|x64.ActiveCfg = Debug|x64
		{8B7C2FC8-7A42-4A87-A4C7-188F119A3201}.Debug|x64.Build.0 = Debug|x64
		{8B7C2FC8-7A42-4A87-A4C7-188F119A3201}.Release|x64.ActiveCfg = Release|x64
		{8B7C2FC8-7A42-4A87-A4C7-188F119A3201}.Release|x64.Build.0 = Release|x64
	EndGlobalSection
	GlobalSection(SolutionProperties) = preSolution
		HideSolutionNode = FALSE
	EndGlobalSection
	GlobalSection(ExtensibilityGlobals) = postSolution
		SolutionGuid = {3176C79E-C943-452D-9863-D79ED1A5DF51}
	EndGlobalSection
EndGlobal
